
Microsoft Visual Studio Solution File, Format Version 12.00
# Visual Studio Version 17
VisualStudioVersion = 17.4.33829.165
MinimumVisualStudioVersion = 10.0.40219.1
Project("{9A19103F-16F7-4668-BE54-9A1E7A4F7556}") = "ElectronicLearn.Web", "ElectronicLearn.Web\ElectronicLearn.Web.csproj", "{72DED94F-8BF3-43E8-B6F3-6087F8B884B2}"
EndProject
Project("{9A19103F-16F7-4668-BE54-9A1E7A4F7556}") = "ElectronicLearn.Core", "ElectronicLearn.Core\ElectronicLearn.Core.csproj", "{A46F1721-BBB1-4D78-9D3C-2D7F88505763}"
EndProject
Project("{9A19103F-16F7-4668-BE54-9A1E7A4F7556}") = "ElectronicLearn.DataLayer", "ElectronicLearn.DataLayer\ElectronicLearn.DataLayer.csproj", "{11FBB265-5E72-4B73-B17E-71A87C6CCE4B}"
EndProject
Global
	GlobalSection(SolutionConfigurationPlatforms) = preSolution
		Debug|Any CPU = Debug|Any CPU
		Release|Any CPU = Release|Any CPU
	EndGlobalSection
	GlobalSection(ProjectConfigurationPlatforms) = postSolution
		{72DED94F-8BF3-43E8-B6F3-6087F8B884B2}.Debug|Any CPU.ActiveCfg = Debug|Any CPU
		{72DED94F-8BF3-43E8-B6F3-6087F8B884B2}.Debug|Any CPU.Build.0 = Debug|Any CPU
		{72DED94F-8BF3-43E8-B6F3-6087F8B884B2}.Release|Any CPU.ActiveCfg = Release|Any CPU
		{72DED94F-8BF3-43E8-B6F3-6087F8B884B2}.Release|Any CPU.Build.0 = Release|Any CPU
		{A46F1721-BBB1-4D78-9D3C-2D7F88505763}.Debug|Any CPU.ActiveCfg = Debug|Any CPU
		{A46F1721-BBB1-4D78-9D3C-2D7F88505763}.Debug|Any CPU.Build.0 = Debug|Any CPU
		{A46F1721-BBB1-4D78-9D3C-2D7F88505763}.Release|Any CPU.ActiveCfg = Release|Any CPU
		{A46F1721-BBB1-4D78-9D3C-2D7F88505763}.Release|Any CPU.Build.0 = Release|Any CPU
		{11FBB265-5E72-4B73-B17E-71A87C6CCE4B}.Debug|Any CPU.ActiveCfg = Debug|Any CPU
		{11FBB265-5E72-4B73-B17E-71A87C6CCE4B}.Debug|Any CPU.Build.0 = Debug|Any CPU
		{11FBB265-5E72-4B73-B17E-71A87C6CCE4B}.Release|Any CPU.ActiveCfg = Release|Any CPU
		{11FBB265-5E72-4B73-B17E-71A87C6CCE4B}.Release|Any CPU.Build.0 = Release|Any CPU
	EndGlobalSection
	GlobalSection(SolutionProperties) = preSolution
		HideSolutionNode = FALSE
	EndGlobalSection
	GlobalSection(ExtensibilityGlobals) = postSolution
		SolutionGuid = {9301D646-749A-4E3B-B706-2B0B53300E74}
	EndGlobalSection
EndGlobal
